{
  "requires": true,
  "lockfileVersion": 1,
  "dependencies": {
    "@headlessui/react": {
      "version": "1.7.3",
      "resolved": "https://registry.npmjs.org/@headlessui/react/-/react-1.7.3.tgz",
      "integrity": "sha512-LGp06SrGv7BMaIQlTs8s2G06moqkI0cb0b8stgq7KZ3xcHdH3qMP+cRyV7qe5x4XEW/IGY48BW4fLesD6NQLng=="
    },
    "@types/jsonwebtoken": {
      "version": "8.5.9",
      "resolved": "https://registry.npmjs.org/@types/jsonwebtoken/-/jsonwebtoken-8.5.9.tgz",
      "integrity": "sha512-272FMnFGzAVMGtu9tkr29hRL6bZj4Zs1KZNeHLnKqAvp06tAIcarTMwOh8/8bz4FmKRcMxZhZNeUAQsNLoiPhg==",
      "requires": {
        "@types/node": "*"
      }
    },
    "@types/node": {
      "version": "18.11.9",
      "resolved": "https://registry.npmjs.org/@types/node/-/node-18.11.9.tgz",
      "integrity": "sha512-CRpX21/kGdzjOpFsZSkcrXMGIBWMGNIHXXBVFSH+ggkftxg+XYP20TESbh+zFvFj3EQOl5byk0HTRn1IL6hbqg=="
    }
  }
}
