{
  "requires": true,
  "lockfileVersion": 1,
  "dependencies": {
    "@headlessui/react": {
      "version": "1.7.3",
      "resolved": "https://registry.npmjs.org/@headlessui/react/-/react-1.7.3.tgz",
      "integrity": "sha512-LGp06SrGv7BMaIQlTs8s2G06moqkI0cb0b8stgq7KZ3xcHdH3qMP+cRyV7qe5x4XEW/IGY48BW4fLesD6NQLng=="
    }
  }
}
